
Microsoft Visual Studio Solution File, Format Version 12.00
# Visual Studio Version 16
VisualStudioVersion = 16.0.30002.166
MinimumVisualStudioVersion = 10.0.40219.1
Project("{9A19103F-16F7-4668-BE54-9A1E7A4F7556}") = "TesteNumerosRomanos", "TesteNumerosRomanos\TesteNumerosRomanos.csproj", "{CD4E136D-4E71-4318-AB9E-EAE2C0D95F18}"
EndProject
Project("{9A19103F-16F7-4668-BE54-9A1E7A4F7556}") = "TesteCalculoSalario", "TesteCalculoSalario\TesteCalculoSalario.csproj", "{266EA7E7-F798-4BF4-A8CD-3C0445CA70C1}"
EndProject
Project("{FAE04EC0-301F-11D3-BF4B-00C04F79EFBC}") = "TesteCarrinhoDeCompras", "TesteCarrinhoDeCompras\TesteCarrinhoDeCompras.csproj", "{E7F95170-2630-4B31-8E20-F6C54ABBA50A}"
EndProject
Global
	GlobalSection(SolutionConfigurationPlatforms) = preSolution
		Debug|Any CPU = Debug|Any CPU
		Release|Any CPU = Release|Any CPU
	EndGlobalSection
	GlobalSection(ProjectConfigurationPlatforms) = postSolution
		{CD4E136D-4E71-4318-AB9E-EAE2C0D95F18}.Debug|Any CPU.ActiveCfg = Debug|Any CPU
		{CD4E136D-4E71-4318-AB9E-EAE2C0D95F18}.Debug|Any CPU.Build.0 = Debug|Any CPU
		{CD4E136D-4E71-4318-AB9E-EAE2C0D95F18}.Release|Any CPU.ActiveCfg = Release|Any CPU
		{CD4E136D-4E71-4318-AB9E-EAE2C0D95F18}.Release|Any CPU.Build.0 = Release|Any CPU
		{266EA7E7-F798-4BF4-A8CD-3C0445CA70C1}.Debug|Any CPU.ActiveCfg = Debug|Any CPU
		{266EA7E7-F798-4BF4-A8CD-3C0445CA70C1}.Debug|Any CPU.Build.0 = Debug|Any CPU
		{266EA7E7-F798-4BF4-A8CD-3C0445CA70C1}.Release|Any CPU.ActiveCfg = Release|Any CPU
		{266EA7E7-F798-4BF4-A8CD-3C0445CA70C1}.Release|Any CPU.Build.0 = Release|Any CPU
		{E7F95170-2630-4B31-8E20-F6C54ABBA50A}.Debug|Any CPU.ActiveCfg = Debug|Any CPU
		{E7F95170-2630-4B31-8E20-F6C54ABBA50A}.Debug|Any CPU.Build.0 = Debug|Any CPU
		{E7F95170-2630-4B31-8E20-F6C54ABBA50A}.Release|Any CPU.ActiveCfg = Release|Any CPU
		{E7F95170-2630-4B31-8E20-F6C54ABBA50A}.Release|Any CPU.Build.0 = Release|Any CPU
	EndGlobalSection
	GlobalSection(SolutionProperties) = preSolution
		HideSolutionNode = FALSE
	EndGlobalSection
	GlobalSection(ExtensibilityGlobals) = postSolution
		SolutionGuid = {2E986C2E-3B9B-4B18-ABB9-4D6EAF0CED47}
	EndGlobalSection
EndGlobal
